
Microsoft Visual Studio Solution File, Format Version 12.00
# Visual Studio Version 17
VisualStudioVersion = 17.3.32901.215
MinimumVisualStudioVersion = 10.0.40219.1
Project("{9A19103F-16F7-4668-BE54-9A1E7A4F7556}") = "ProductGrpc", "ProductGrpc\ProductGrpc.csproj", "{44697BFE-20E5-4C4C-896F-38E3B55FF2DD}"
EndProject
Project("{9A19103F-16F7-4668-BE54-9A1E7A4F7556}") = "ProductGrpcClient", "ProductGrpcClient\ProductGrpcClient.csproj", "{DF795BD7-D024-4892-9A75-1AE4F59E924E}"
	ProjectSection(ProjectDependencies) = postProject
		{44697BFE-20E5-4C4C-896F-38E3B55FF2DD} = {44697BFE-20E5-4C4C-896F-38E3B55FF2DD}
	EndProjectSection
EndProject
Project("{9A19103F-16F7-4668-BE54-9A1E7A4F7556}") = "ProductWorkerService", "ProductWorkerService\ProductWorkerService.csproj", "{14046693-7006-447E-AE86-0781DC842B30}"
	ProjectSection(ProjectDependencies) = postProject
		{44697BFE-20E5-4C4C-896F-38E3B55FF2DD} = {44697BFE-20E5-4C4C-896F-38E3B55FF2DD}
	EndProjectSection
EndProject
Project("{2150E333-8FDC-42A3-9474-1A3956D46DE8}") = "Product", "Product", "{509D00E0-62AC-42E2-BD03-4914AB527FDE}"
EndProject
Project("{2150E333-8FDC-42A3-9474-1A3956D46DE8}") = "ShoppingCart", "ShoppingCart", "{F9EB045C-3608-4C3D-B0EF-BD4FC87A036A}"
EndProject
Project("{9A19103F-16F7-4668-BE54-9A1E7A4F7556}") = "ShoppingCartGrpc", "ShoppingCartGrpc\ShoppingCartGrpc.csproj", "{2D4CEFF4-F46B-488C-9CEF-58ED4703150A}"
EndProject
Global
	GlobalSection(SolutionConfigurationPlatforms) = preSolution
		Debug|Any CPU = Debug|Any CPU
		Release|Any CPU = Release|Any CPU
	EndGlobalSection
	GlobalSection(ProjectConfigurationPlatforms) = postSolution
		{44697BFE-20E5-4C4C-896F-38E3B55FF2DD}.Debug|Any CPU.ActiveCfg = Debug|Any CPU
		{44697BFE-20E5-4C4C-896F-38E3B55FF2DD}.Debug|Any CPU.Build.0 = Debug|Any CPU
		{44697BFE-20E5-4C4C-896F-38E3B55FF2DD}.Release|Any CPU.ActiveCfg = Release|Any CPU
		{44697BFE-20E5-4C4C-896F-38E3B55FF2DD}.Release|Any CPU.Build.0 = Release|Any CPU
		{DF795BD7-D024-4892-9A75-1AE4F59E924E}.Debug|Any CPU.ActiveCfg = Debug|Any CPU
		{DF795BD7-D024-4892-9A75-1AE4F59E924E}.Debug|Any CPU.Build.0 = Debug|Any CPU
		{DF795BD7-D024-4892-9A75-1AE4F59E924E}.Release|Any CPU.ActiveCfg = Release|Any CPU
		{DF795BD7-D024-4892-9A75-1AE4F59E924E}.Release|Any CPU.Build.0 = Release|Any CPU
		{14046693-7006-447E-AE86-0781DC842B30}.Debug|Any CPU.ActiveCfg = Debug|Any CPU
		{14046693-7006-447E-AE86-0781DC842B30}.Debug|Any CPU.Build.0 = Debug|Any CPU
		{14046693-7006-447E-AE86-0781DC842B30}.Release|Any CPU.ActiveCfg = Release|Any CPU
		{14046693-7006-447E-AE86-0781DC842B30}.Release|Any CPU.Build.0 = Release|Any CPU
		{2D4CEFF4-F46B-488C-9CEF-58ED4703150A}.Debug|Any CPU.ActiveCfg = Debug|Any CPU
		{2D4CEFF4-F46B-488C-9CEF-58ED4703150A}.Debug|Any CPU.Build.0 = Debug|Any CPU
		{2D4CEFF4-F46B-488C-9CEF-58ED4703150A}.Release|Any CPU.ActiveCfg = Release|Any CPU
		{2D4CEFF4-F46B-488C-9CEF-58ED4703150A}.Release|Any CPU.Build.0 = Release|Any CPU
	EndGlobalSection
	GlobalSection(SolutionProperties) = preSolution
		HideSolutionNode = FALSE
	EndGlobalSection
	GlobalSection(NestedProjects) = preSolution
		{44697BFE-20E5-4C4C-896F-38E3B55FF2DD} = {509D00E0-62AC-42E2-BD03-4914AB527FDE}
		{DF795BD7-D024-4892-9A75-1AE4F59E924E} = {509D00E0-62AC-42E2-BD03-4914AB527FDE}
		{14046693-7006-447E-AE86-0781DC842B30} = {509D00E0-62AC-42E2-BD03-4914AB527FDE}
		{2D4CEFF4-F46B-488C-9CEF-58ED4703150A} = {F9EB045C-3608-4C3D-B0EF-BD4FC87A036A}
	EndGlobalSection
	GlobalSection(ExtensibilityGlobals) = postSolution
		SolutionGuid = {AABFCBEF-D12E-4A69-9B87-93475E836B0B}
	EndGlobalSection
EndGlobal
